<?xml version="1.0" encoding="utf-8"?>
<Project ToolsVersion="4.0" xmlns="http://schemas.microsoft.com/developer/msbuild/2003">
  <ItemGroup>
    <Filter Include="Generated Files">
      <UniqueIdentifier>{71ED8ED8-ACB9-4CE9-BBE1-E00B30144E11}</UniqueIdentifier>
      <Extensions>cpp;c;cxx;moc;h;def;odl;idl;res;</Extensions>
    </Filter>
    <Filter Include="Generated Files">
      <UniqueIdentifier>{71ED8ED8-ACB9-4CE9-BBE1-E00B30144E11}</UniqueIdentifier>
      <Extensions>cpp;c;cxx;moc;h;def;odl;idl;res;</Extensions>
    </Filter>
    <Filter Include="Header Files">
      <UniqueIdentifier>{93995380-89BD-4b04-88EB-625FBE52EBFB}</UniqueIdentifier>
      <Extensions>h;hpp;hxx;hm;inl;inc;xsd</Extensions>
    </Filter>
    <Filter Include="Header Files">
      <UniqueIdentifier>{93995380-89BD-4b04-88EB-625FBE52EBFB}</UniqueIdentifier>
      <Extensions>h;hpp;hxx;hm;inl;inc;xsd</Extensions>
    </Filter>
    <Filter Include="Source Files">
      <UniqueIdentifier>{4FC737F1-C7A5-4376-A066-2A32D752A2FF}</UniqueIdentifier>
      <Extensions>cpp;c;cxx;def;odl;idl;hpj;bat;asm;asmx</Extensions>
    </Filter>
    <Filter Include="Source Files">
      <UniqueIdentifier>{4FC737F1-C7A5-4376-A066-2A32D752A2FF}</UniqueIdentifier>
      <Extensions>cpp;c;cxx;def;odl;idl;hpj;bat;asm;asmx</Extensions>
    </Filter>
  </ItemGroup>
  <ItemGroup>
    <ClCompile Include="dialbox.cpp">
      <Filter>Source Files</Filter>
    </ClCompile>
    <ClCompile Include="dialtab.cpp">
      <Filter>Source Files</Filter>
    </ClCompile>
    <ClCompile Include="knobbox.cpp">
      <Filter>Source Files</Filter>
    </ClCompile>
    <ClCompile Include="knobtab.cpp">
      <Filter>Source Files</Filter>
    </ClCompile>
    <ClCompile Include="main.cpp">
      <Filter>Source Files</Filter>
    </ClCompile>
    <ClCompile Include="sliderbox.cpp">
      <Filter>Source Files</Filter>
    </ClCompile>
    <ClCompile Include="slidertab.cpp">
      <Filter>Source Files</Filter>
    </ClCompile>
    <ClCompile Include="wheelbox.cpp">
      <Filter>Source Files</Filter>
    </ClCompile>
    <ClCompile Include="wheeltab.cpp">
      <Filter>Source Files</Filter>
    </ClCompile>
    <ClCompile Include="moc\moc_dialbox.cpp">
      <Filter>Generated Files</Filter>
    </ClCompile>
    <ClCompile Include="moc\moc_knobbox.cpp">
      <Filter>Generated Files</Filter>
    </ClCompile>
    <ClCompile Include="moc\moc_sliderbox.cpp">
      <Filter>Generated Files</Filter>
    </ClCompile>
    <ClCompile Include="moc\moc_wheelbox.cpp">
      <Filter>Generated Files</Filter>
    </ClCompile>
  </ItemGroup>
  <ItemGroup>
    <CustomBuild Include="dialbox.h">
      <Filter>Header Files</Filter>
    </CustomBuild>
    <ClInclude Include="dialtab.h">
      <Filter>Header Files</Filter>
    </ClInclude>
    <CustomBuild Include="knobbox.h">
      <Filter>Header Files</Filter>
    </CustomBuild>
    <ClInclude Include="knobtab.h">
      <Filter>Header Files</Filter>
    </ClInclude>
    <CustomBuild Include="sliderbox.h">
      <Filter>Header Files</Filter>
    </CustomBuild>
    <ClInclude Include="slidertab.h">
      <Filter>Header Files</Filter>
    </ClInclude>
    <CustomBuild Include="wheelbox.h">
      <Filter>Header Files</Filter>
    </CustomBuild>
    <ClInclude Include="wheeltab.h">
      <Filter>Header Files</Filter>
    </ClInclude>
  </ItemGroup>
</Project>